PODS:
  - AMap2DMap (5.6.1):
    - AMapFoundation (~> 1.4)
  - AMapFoundation (1.6.5.1)
  - AMapLocation (2.6.7):
    - AMapFoundation (~> 1.6.4)
  - AMapSearch (7.8.0):
    - AMapFoundation (~> 1.6.4)
  - Flutter (1.0.0)
  - flutter_2d_amap (0.0.1):
    - AMap2DMap
    - AMapLocation
    - AMapSearch
    - Flutter

DEPENDENCIES:
  - Flutter (from `Flutter`)
  - flutter_2d_amap (from `.symlinks/plugins/flutter_2d_amap/ios`)

SPEC REPOS:
  trunk:
    - AMap2DMap
    - AMapFoundation
    - AMapLocation
    - AMapSearch

EXTERNAL SOURCES:
  Flutter:
    :path: Flutter
  flutter_2d_amap:
    :path: ".symlinks/plugins/flutter_2d_amap/ios"

SPEC CHECKSUMS:
  AMap2DMap: cac76bc057de18a1641f34df6b50bf5bc6b23571
  AMapFoundation: b67560a6f21aab81c8c12f84616b55a3833b6253
  AMapLocation: a46c30d9930d0f3a3bd21139d8f845d10ac3f01d
  AMapSearch: a62d0b2508270dff5a9b05ba3af9fc8843b48c8a
  Flutter: 434fef37c0980e73bb6479ef766c45957d4b510c
  flutter_2d_amap: c17f503c128646126c12f394cee379930a058796

PODFILE CHECKSUM: ace45ac7245c28b25b206513f8626ea766bb55fe

COCOAPODS: 1.10.1
